
Microsoft Visual Studio Solution File, Format Version 12.00
Project("{FAE04EC0-301F-11D3-BF4B-00C04F79EFBC}") = "PrettyReference.Crawler", "PrettyReference.Crawler\PrettyReference.Crawler.csproj", "{ADD93232-538E-412A-9198-E243EC12913A}"
EndProject
Project("{FAE04EC0-301F-11D3-BF4B-00C04F79EFBC}") = "PrettyReference.Crawler.Interface", "PrettyReference.Crawler.Interface\PrettyReference.Crawler.Interface.csproj", "{20869EE5-4656-4406-96CC-596827A82C80}"
EndProject
Project("{FAE04EC0-301F-11D3-BF4B-00C04F79EFBC}") = "PrettyReference.Crawler.Test", "PrettyReference.Crawler.Test\PrettyReference.Crawler.Test.csproj", "{67F6282A-3AD0-4B9B-8DC1-A2B47B00A3B3}"
EndProject
Global
	GlobalSection(SolutionConfigurationPlatforms) = preSolution
		Debug|Any CPU = Debug|Any CPU
		Release|Any CPU = Release|Any CPU
	EndGlobalSection
	GlobalSection(ProjectConfigurationPlatforms) = postSolution
		{ADD93232-538E-412A-9198-E243EC12913A}.Debug|Any CPU.ActiveCfg = Debug|Any CPU
		{ADD93232-538E-412A-9198-E243EC12913A}.Debug|Any CPU.Build.0 = Debug|Any CPU
		{ADD93232-538E-412A-9198-E243EC12913A}.Release|Any CPU.ActiveCfg = Release|Any CPU
		{ADD93232-538E-412A-9198-E243EC12913A}.Release|Any CPU.Build.0 = Release|Any CPU
		{20869EE5-4656-4406-96CC-596827A82C80}.Debug|Any CPU.ActiveCfg = Debug|Any CPU
		{20869EE5-4656-4406-96CC-596827A82C80}.Debug|Any CPU.Build.0 = Debug|Any CPU
		{20869EE5-4656-4406-96CC-596827A82C80}.Release|Any CPU.ActiveCfg = Release|Any CPU
		{20869EE5-4656-4406-96CC-596827A82C80}.Release|Any CPU.Build.0 = Release|Any CPU
		{67F6282A-3AD0-4B9B-8DC1-A2B47B00A3B3}.Debug|Any CPU.ActiveCfg = Debug|Any CPU
		{67F6282A-3AD0-4B9B-8DC1-A2B47B00A3B3}.Debug|Any CPU.Build.0 = Debug|Any CPU
		{67F6282A-3AD0-4B9B-8DC1-A2B47B00A3B3}.Release|Any CPU.ActiveCfg = Release|Any CPU
		{67F6282A-3AD0-4B9B-8DC1-A2B47B00A3B3}.Release|Any CPU.Build.0 = Release|Any CPU
	EndGlobalSection
EndGlobal
