
Microsoft Visual Studio Solution File, Format Version 12.00
Project("{FAE04EC0-301F-11D3-BF4B-00C04F79EFBC}") = "API", "API\API.csproj", "{BFE2A6B4-2E13-442D-B54D-4528ACA06D2A}"
EndProject
Global
	GlobalSection(SolutionConfigurationPlatforms) = preSolution
		Debug|Any CPU = Debug|Any CPU
		Release|Any CPU = Release|Any CPU
	EndGlobalSection
	GlobalSection(ProjectConfigurationPlatforms) = postSolution
		{BFE2A6B4-2E13-442D-B54D-4528ACA06D2A}.Debug|Any CPU.ActiveCfg = Debug|Any CPU
		{BFE2A6B4-2E13-442D-B54D-4528ACA06D2A}.Debug|Any CPU.Build.0 = Debug|Any CPU
		{BFE2A6B4-2E13-442D-B54D-4528ACA06D2A}.Release|Any CPU.ActiveCfg = Release|Any CPU
		{BFE2A6B4-2E13-442D-B54D-4528ACA06D2A}.Release|Any CPU.Build.0 = Release|Any CPU
	EndGlobalSection
EndGlobal
